
Microsoft Visual Studio Solution File, Format Version 12.00
# Visual Studio 2017
Project("{FAE04EC0-301F-11D3-BF4B-00C04F79EFBC}") = "2DPlatformerController", "2DPlatformerController.csproj", "{F017CDCF-CD30-2968-756E-74FD073D94F5}"
EndProject
Project("{FAE04EC0-301F-11D3-BF4B-00C04F79EFBC}") = "2DPlatformerController.Editor", "2DPlatformerController.Editor.csproj", "{5E5A9336-FB4F-E7FC-886F-73A23EB1FF21}"
EndProject
Global
	GlobalSection(SolutionConfigurationPlatforms) = preSolution
		Debug|Any CPU = Debug|Any CPU
		Release|Any CPU = Release|Any CPU
	EndGlobalSection
	GlobalSection(ProjectConfigurationPlatforms) = postSolution
		{F017CDCF-CD30-2968-756E-74FD073D94F5}.Debug|Any CPU.ActiveCfg = Debug|Any CPU
		{F017CDCF-CD30-2968-756E-74FD073D94F5}.Debug|Any CPU.Build.0 = Debug|Any CPU
		{F017CDCF-CD30-2968-756E-74FD073D94F5}.Release|Any CPU.ActiveCfg = Release|Any CPU
		{F017CDCF-CD30-2968-756E-74FD073D94F5}.Release|Any CPU.Build.0 = Release|Any CPU
		{5E5A9336-FB4F-E7FC-886F-73A23EB1FF21}.Debug|Any CPU.ActiveCfg = Debug|Any CPU
		{5E5A9336-FB4F-E7FC-886F-73A23EB1FF21}.Debug|Any CPU.Build.0 = Debug|Any CPU
		{5E5A9336-FB4F-E7FC-886F-73A23EB1FF21}.Release|Any CPU.ActiveCfg = Release|Any CPU
		{5E5A9336-FB4F-E7FC-886F-73A23EB1FF21}.Release|Any CPU.Build.0 = Release|Any CPU
	EndGlobalSection
	GlobalSection(SolutionProperties) = preSolution
		HideSolutionNode = FALSE
	EndGlobalSection
EndGlobal
